
Microsoft Visual Studio Solution File, Format Version 12.00
# Visual Studio Version 17
VisualStudioVersion = 17.7.34031.279
MinimumVisualStudioVersion = 10.0.40219.1
Project("{FAE04EC0-301F-11D3-BF4B-00C04F79EFBC}") = "Podpivko5", "Podpivko5\Podpivko5.csproj", "{ECC835B9-5DAA-427C-9EAB-474860D142F5}"
EndProject
Global
	GlobalSection(SolutionConfigurationPlatforms) = preSolution
		Debug|Any CPU = Debug|Any CPU
		Release|Any CPU = Release|Any CPU
	EndGlobalSection
	GlobalSection(ProjectConfigurationPlatforms) = postSolution
		{ECC835B9-5DAA-427C-9EAB-474860D142F5}.Debug|Any CPU.ActiveCfg = Debug|Any CPU
		{ECC835B9-5DAA-427C-9EAB-474860D142F5}.Debug|Any CPU.Build.0 = Debug|Any CPU
		{ECC835B9-5DAA-427C-9EAB-474860D142F5}.Release|Any CPU.ActiveCfg = Release|Any CPU
		{ECC835B9-5DAA-427C-9EAB-474860D142F5}.Release|Any CPU.Build.0 = Release|Any CPU
	EndGlobalSection
	GlobalSection(SolutionProperties) = preSolution
		HideSolutionNode = FALSE
	EndGlobalSection
	GlobalSection(ExtensibilityGlobals) = postSolution
		SolutionGuid = {51F7CCDD-7DFE-4796-9D00-35F35CDD6E9D}
	EndGlobalSection
EndGlobal
